# This file is automatically @generated by Cargo.
# It is not intended for manual editing.
version = 4

[[package]]
name = "b2d_core"
version = "0.1.0"

[[package]]
name = "b2d_data"
version = "0.1.0"
dependencies = [
 "b2d_core",
]

[[package]]
name = "b2d_editor"
version = "0.1.0"
dependencies = [
 "b2d_core",
 "b2d_data",
 "b2d_editor_ui",
 "b2d_runtime",
]

[[package]]
name = "b2d_editor_ui"
version = "0.1.0"

[[package]]
name = "b2d_runtime"
version = "0.1.0"
dependencies = [
 "b2d_core",
 "b2d_data",
]
